
Microsoft Visual Studio Solution File, Format Version 12.00
# Visual Studio Version 16
VisualStudioVersion = 16.0.29920.165
MinimumVisualStudioVersion = 10.0.40219.1
Project("{FAE04EC0-301F-11D3-BF4B-00C04F79EFBC}") = "LeakSample", "LeakSample\LeakSample.csproj", "{D2C371CA-7769-40A6-89B8-06B10B917E25}"
EndProject
Global
	GlobalSection(SolutionConfigurationPlatforms) = preSolution
		Debug|Any CPU = Debug|Any CPU
		Release|Any CPU = Release|Any CPU
	EndGlobalSection
	GlobalSection(ProjectConfigurationPlatforms) = postSolution
		{D2C371CA-7769-40A6-89B8-06B10B917E25}.Debug|Any CPU.ActiveCfg = Debug|Any CPU
		{D2C371CA-7769-40A6-89B8-06B10B917E25}.Debug|Any CPU.Build.0 = Debug|Any CPU
		{D2C371CA-7769-40A6-89B8-06B10B917E25}.Release|Any CPU.ActiveCfg = Release|Any CPU
		{D2C371CA-7769-40A6-89B8-06B10B917E25}.Release|Any CPU.Build.0 = Release|Any CPU
	EndGlobalSection
	GlobalSection(SolutionProperties) = preSolution
		HideSolutionNode = FALSE
	EndGlobalSection
	GlobalSection(ExtensibilityGlobals) = postSolution
		SolutionGuid = {C504E6AC-896D-49F4-8E79-9150BB0E3D9A}
	EndGlobalSection
EndGlobal
