
Microsoft Visual Studio Solution File, Format Version 12.00
# Visual Studio 15
VisualStudioVersion = 15.0.28307.421
MinimumVisualStudioVersion = 10.0.40219.1
Project("{2150E333-8FDC-42A3-9474-1A3956D46DE8}") = "Dependencies", "Dependencies", "{7141B014-FF60-4105-B88C-9812838D6D0D}"
EndProject
Project("{9A19103F-16F7-4668-BE54-9A1E7A4F7556}") = "WPFLocalizeExtension", "..\src\WPFLocalizeExtension.csproj", "{E8C5B094-2CB4-4C26-87F0-351B03612179}"
EndProject
Project("{9A19103F-16F7-4668-BE54-9A1E7A4F7556}") = "MemoryTest", "MemoryTest\MemoryTest.csproj", "{3D591943-C256-46EB-88EA-CCA0B3A498E6}"
EndProject
Global
	GlobalSection(SolutionConfigurationPlatforms) = preSolution
		Debug|Any CPU = Debug|Any CPU
		Release|Any CPU = Release|Any CPU
	EndGlobalSection
	GlobalSection(ProjectConfigurationPlatforms) = postSolution
		{E8C5B094-2CB4-4C26-87F0-351B03612179}.Debug|Any CPU.ActiveCfg = Debug|Any CPU
		{E8C5B094-2CB4-4C26-87F0-351B03612179}.Release|Any CPU.ActiveCfg = Release|Any CPU
		{3D591943-C256-46EB-88EA-CCA0B3A498E6}.Debug|Any CPU.ActiveCfg = Debug|Any CPU
		{3D591943-C256-46EB-88EA-CCA0B3A498E6}.Debug|Any CPU.Build.0 = Debug|Any CPU
		{3D591943-C256-46EB-88EA-CCA0B3A498E6}.Release|Any CPU.ActiveCfg = Release|Any CPU
		{3D591943-C256-46EB-88EA-CCA0B3A498E6}.Release|Any CPU.Build.0 = Release|Any CPU
	EndGlobalSection
	GlobalSection(SolutionProperties) = preSolution
		HideSolutionNode = FALSE
	EndGlobalSection
	GlobalSection(NestedProjects) = preSolution
		{E8C5B094-2CB4-4C26-87F0-351B03612179} = {7141B014-FF60-4105-B88C-9812838D6D0D}
	EndGlobalSection
	GlobalSection(ExtensibilityGlobals) = postSolution
		SolutionGuid = {55C5581D-F925-4BAD-9B4B-88D097AA814E}
	EndGlobalSection
EndGlobal
