
Microsoft Visual Studio Solution File, Format Version 12.00
# Visual Studio 15
VisualStudioVersion = 15.0.28307.271
MinimumVisualStudioVersion = 10.0.40219.1
Project("{FAE04EC0-301F-11D3-BF4B-00C04F79EFBC}") = "WPFLocalizationExtensionDemoApplication", "WPFLocalizationExtensionDemoApplication\WPFLocalizationExtensionDemoApplication.csproj", "{53618740-D7CF-43C3-A8A7-D81522A16623}"
EndProject
Project("{FAE04EC0-301F-11D3-BF4B-00C04F79EFBC}") = "WPFLocalizationExtensionDemoTexts", "WPFLocalizationExtensionDemoTexts\WPFLocalizationExtensionDemoTexts.csproj", "{ED4F118B-4A5B-4D5B-BCB7-62A5DC280AA8}"
EndProject
Project("{9A19103F-16F7-4668-BE54-9A1E7A4F7556}") = "WPFLocalizeExtension", "..\src\WPFLocalizeExtension.csproj", "{ED1805DE-4E8B-418A-A43C-023511C4D005}"
EndProject
Global
	GlobalSection(SolutionConfigurationPlatforms) = preSolution
		Debug|Any CPU = Debug|Any CPU
		Release|Any CPU = Release|Any CPU
	EndGlobalSection
	GlobalSection(ProjectConfigurationPlatforms) = postSolution
		{53618740-D7CF-43C3-A8A7-D81522A16623}.Debug|Any CPU.ActiveCfg = Debug|Any CPU
		{53618740-D7CF-43C3-A8A7-D81522A16623}.Debug|Any CPU.Build.0 = Debug|Any CPU
		{53618740-D7CF-43C3-A8A7-D81522A16623}.Release|Any CPU.ActiveCfg = Release|Any CPU
		{53618740-D7CF-43C3-A8A7-D81522A16623}.Release|Any CPU.Build.0 = Release|Any CPU
		{ED4F118B-4A5B-4D5B-BCB7-62A5DC280AA8}.Debug|Any CPU.ActiveCfg = Debug|Any CPU
		{ED4F118B-4A5B-4D5B-BCB7-62A5DC280AA8}.Debug|Any CPU.Build.0 = Debug|Any CPU
		{ED4F118B-4A5B-4D5B-BCB7-62A5DC280AA8}.Release|Any CPU.ActiveCfg = Release|Any CPU
		{ED4F118B-4A5B-4D5B-BCB7-62A5DC280AA8}.Release|Any CPU.Build.0 = Release|Any CPU
		{ED1805DE-4E8B-418A-A43C-023511C4D005}.Debug|Any CPU.ActiveCfg = Debug|Any CPU
		{ED1805DE-4E8B-418A-A43C-023511C4D005}.Debug|Any CPU.Build.0 = Debug|Any CPU
		{ED1805DE-4E8B-418A-A43C-023511C4D005}.Release|Any CPU.ActiveCfg = Release|Any CPU
		{ED1805DE-4E8B-418A-A43C-023511C4D005}.Release|Any CPU.Build.0 = Release|Any CPU
	EndGlobalSection
	GlobalSection(SolutionProperties) = preSolution
		HideSolutionNode = FALSE
	EndGlobalSection
	GlobalSection(ExtensibilityGlobals) = postSolution
		SolutionGuid = {A71CB7DD-8F6B-4F89-AD9B-82991D5FB697}
	EndGlobalSection
EndGlobal
