{
  "version": 1,
  "dependencies": {
    ".NETCoreApp,Version=v3.0": {
      "GitVersionTask": {
        "type": "Direct",
        "requested": "[5.3.4, )",
        "resolved": "5.3.4",
        "contentHash": "/vnugR/H90r4bo3ikF+W6zwpHXXGM6bXeYMZLm6kXCMpFYIviIU7rVz1s18zJRxvru/vvXkUnY5uSE/ATxFadA=="
      },
      "Microsoft.SourceLink.GitHub": {
        "type": "Direct",
        "requested": "[1.0.0, )",
        "resolved": "1.0.0",
        "contentHash": "aZyGyGg2nFSxix+xMkPmlmZSsnGQ3w+mIG23LTxJZHN+GPwTQ5FpPgDo7RMOq+Kcf5D4hFWfXkGhoGstawX13Q==",
        "dependencies": {
          "Microsoft.Build.Tasks.Git": "1.0.0",
          "Microsoft.SourceLink.Common": "1.0.0"
        }
      },
      "Microsoft.Windows.Compatibility": {
        "type": "Direct",
        "requested": "[3.1.0, )",
        "resolved": "3.1.0",
        "contentHash": "8rPxICe6kb6Ubi/MDvVfwJfv20iZ1dqb9ipT9Fm+3qdwLPtWN/6hmEjC7s38AagZoIEWxfxL8sVqTw+BgXjOAg==",
        "dependencies": {
          "Microsoft.Win32.Registry": "4.7.0",
          "Microsoft.Win32.Registry.AccessControl": "4.7.0",
          "Microsoft.Win32.SystemEvents": "4.7.0",
          "System.CodeDom": "4.7.0",
          "System.ComponentModel.Composition": "4.7.0",
          "System.ComponentModel.Composition.Registration": "4.7.0",
          "System.Configuration.ConfigurationManager": "4.7.0",
          "System.Data.DataSetExtensions": "4.5.0",
          "System.Data.Odbc": "4.7.0",
          "System.Data.OleDb": "4.7.0",
          "System.Data.SqlClient": "4.8.0",
          "System.Diagnostics.EventLog": "4.7.0",
          "System.Diagnostics.PerformanceCounter": "4.7.0",
          "System.DirectoryServices": "4.7.0",
          "System.DirectoryServices.AccountManagement": "4.7.0",
          "System.DirectoryServices.Protocols": "4.7.0",
          "System.Drawing.Common": "4.7.0",
          "System.IO.FileSystem.AccessControl": "4.7.0",
          "System.IO.Packaging": "4.7.0",
          "System.IO.Pipes.AccessControl": "4.5.1",
          "System.IO.Ports": "4.7.0",
          "System.Management": "4.7.0",
          "System.Reflection.Context": "4.7.0",
          "System.Reflection.Emit": "4.7.0",
          "System.Reflection.Emit.ILGeneration": "4.7.0",
          "System.Reflection.Emit.Lightweight": "4.7.0",
          "System.Runtime.Caching": "4.7.0",
          "System.Security.AccessControl": "4.7.0",
          "System.Security.Cryptography.Cng": "4.7.0",
          "System.Security.Cryptography.Pkcs": "4.7.0",
          "System.Security.Cryptography.ProtectedData": "4.7.0",
          "System.Security.Cryptography.Xml": "4.7.0",
          "System.Security.Permissions": "4.7.0",
          "System.Security.Principal.Windows": "4.7.0",
          "System.ServiceModel.Duplex": "4.7.0",
          "System.ServiceModel.Http": "4.7.0",
          "System.ServiceModel.NetTcp": "4.7.0",
          "System.ServiceModel.Primitives": "4.7.0",
          "System.ServiceModel.Security": "4.7.0",
          "System.ServiceModel.Syndication": "4.7.0",
          "System.ServiceProcess.ServiceController": "4.7.0",
          "System.Text.Encoding.CodePages": "4.7.0",
          "System.Threading.AccessControl": "4.7.0"
        }
      },
      "XAMLMarkupExtensions": {
        "type": "Direct",
        "requested": "[1.9.0, )",
        "resolved": "1.9.0",
        "contentHash": "IoyFAFeKxbZ4lZLN9Z1U25VzJ2u87iPvE6OLEgRxDF7FZcbVekQbQ4wfRyPz1o0DCmxfvUUAsIWHO1UtU2NnDw==",
        "dependencies": {
          "Microsoft.Windows.Compatibility": "3.1.0"
        }
      },
      "Microsoft.Build.Tasks.Git": {
        "type": "Transitive",
        "resolved": "1.0.0",
        "contentHash": "z2fpmmt+1Jfl+ZnBki9nSP08S1/tbEOxFdsK1rSR+LBehIJz1Xv9/6qOOoGNqlwnAGGVGis1Oj6S8Kt9COEYlQ=="
      },
      "Microsoft.NETCore.Platforms": {
        "type": "Transitive",
        "resolved": "3.1.0",
        "contentHash": "z7aeg8oHln2CuNulfhiLYxCVMPEwBl3rzicjvIX+4sUuCwvXw5oXQEtbiU2c0z4qYL5L3Kmx0mMA/+t/SbY67w=="
      },
      "Microsoft.SourceLink.Common": {
        "type": "Transitive",
        "resolved": "1.0.0",
        "contentHash": "G8DuQY8/DK5NN+3jm5wcMcd9QYD90UV7MiLmdljSJixi3U/vNaeBKmmXUqI4DJCOeWizIUEh4ALhSt58mR+5eg=="
      },
      "Microsoft.Win32.Registry": {
        "type": "Transitive",
        "resolved": "4.7.0",
        "contentHash": "KSrRMb5vNi0CWSGG1++id2ZOs/1QhRqROt+qgbEAdQuGjGrFcl4AOl4/exGPUYz2wUnU42nvJqon1T3U0kPXLA==",
        "dependencies": {
          "System.Security.AccessControl": "4.7.0",
          "System.Security.Principal.Windows": "4.7.0"
        }
      },
      "Microsoft.Win32.Registry.AccessControl": {
        "type": "Transitive",
        "resolved": "4.7.0",
        "contentHash": "6ZBpiCrPHoRxm0GWrlUfSKx5i4987cRs2hi8KVHD+iI72pm0jScyr5QvqdLeyTgf22R4WgdmBo2k64wtVotPRA==",
        "dependencies": {
          "Microsoft.Win32.Registry": "4.7.0",
          "System.Security.AccessControl": "4.7.0"
        }
      },
      "Microsoft.Win32.SystemEvents": {
        "type": "Transitive",
        "resolved": "4.7.0",
        "contentHash": "mtVirZr++rq+XCDITMUdnETD59XoeMxSpLRIII7JRI6Yj0LEDiO1pPn0ktlnIj12Ix8bfvQqQDMMIF9wC98oCA==",
        "dependencies": {
          "Microsoft.NETCore.Platforms": "3.1.0"
        }
      },
      "runtime.linux-arm.runtime.native.System.IO.Ports": {
        "type": "Transitive",
        "resolved": "4.7.0",
        "contentHash": "pCaX07mRrO11GfUb+whjn2AJgCofx26slw0sI3XC9v0pEZO8101iK6q4ymZOiI2M4a9sQxLr2LawAEDvF4RNXg=="
      },
      "runtime.linux-arm64.runtime.native.System.IO.Ports": {
        "type": "Transitive",
        "resolved": "4.7.0",
        "contentHash": "/J6A4bexUUJciGUwrhtzrFW4tIHqoJYlCsz5RudRmqUaqvuG2tjrbn6bEopOFs7CU4gZqAKWcU9pkp180c3DkQ=="
      },
      "runtime.linux-x64.runtime.native.System.IO.Ports": {
        "type": "Transitive",
        "resolved": "4.7.0",
        "contentHash": "aaaiH4ttfkLizo0OKf++5kPN0yxKbgzcyAD3w52Y3YP96aB/M79fm0r06SedXJGv86Iou6ipj3wUQBMFaL8LnQ=="
      },
      "runtime.native.System.Data.SqlClient.sni": {
        "type": "Transitive",
        "resolved": "4.7.0",
        "contentHash": "9kyFSIdN3T0qjDQ2R0HRXYIhS3l5psBzQi6qqhdLz+SzFyEy4sVxNOke+yyYv8Cu8rPER12c3RDjLT8wF3WBYQ==",
        "dependencies": {
          "runtime.win-arm64.runtime.native.System.Data.SqlClient.sni": "4.4.0",
          "runtime.win-x64.runtime.native.System.Data.SqlClient.sni": "4.4.0",
          "runtime.win-x86.runtime.native.System.Data.SqlClient.sni": "4.4.0"
        }
      },
      "runtime.native.System.IO.Ports": {
        "type": "Transitive",
        "resolved": "4.7.0",
        "contentHash": "yidiZEGEIOyGnRkZvoV6XbeqzEBg9L47PyZNBymLIsu9HHseF98wiOxR6RnHmMqQMTBlc/EONfw4NT3pw0S6YQ==",
        "dependencies": {
          "runtime.linux-arm.runtime.native.System.IO.Ports": "4.7.0",
          "runtime.linux-arm64.runtime.native.System.IO.Ports": "4.7.0",
          "runtime.linux-x64.runtime.native.System.IO.Ports": "4.7.0",
          "runtime.osx-x64.runtime.native.System.IO.Ports": "4.7.0"
        }
      },
      "runtime.osx-x64.runtime.native.System.IO.Ports": {
        "type": "Transitive",
        "resolved": "4.7.0",
        "contentHash": "c1h87v6gopjfeAu3WhVGguUhzCdpZFqX8oXrevO1ciuH4g/mFrxnzlo5POlp+TtZdQ1i8yu0ZzBMKbmX2bJJ0g=="
      },
      "runtime.win-arm64.runtime.native.System.Data.SqlClient.sni": {
        "type": "Transitive",
        "resolved": "4.4.0",
        "contentHash": "LbrynESTp3bm5O/+jGL8v0Qg5SJlTV08lpIpFesXjF6uGNMWqFnUQbYBJwZTeua6E/Y7FIM1C54Ey1btLWupdg=="
      },
      "runtime.win-x64.runtime.native.System.Data.SqlClient.sni": {
        "type": "Transitive",
        "resolved": "4.4.0",
        "contentHash": "38ugOfkYJqJoX9g6EYRlZB5U2ZJH51UP8ptxZgdpS07FgOEToV+lS11ouNK2PM12Pr6X/PpT5jK82G3DwH/SxQ=="
      },
      "runtime.win-x86.runtime.native.System.Data.SqlClient.sni": {
        "type": "Transitive",
        "resolved": "4.4.0",
        "contentHash": "YhEdSQUsTx+C8m8Bw7ar5/VesXvCFMItyZF7G1AUY+OM0VPZUOeAVpJ4Wl6fydBGUYZxojTDR3I6Bj/+BPkJNA=="
      },
      "System.CodeDom": {
        "type": "Transitive",
        "resolved": "4.7.0",
        "contentHash": "Hs9pw/kmvH3lXaZ1LFKj3pLQsiGfj2xo3sxSzwiLlRL6UcMZUTeCfoJ9Udalvn3yq5dLlPEZzYegrTQ1/LhPOQ=="
      },
      "System.ComponentModel.Composition": {
        "type": "Transitive",
        "resolved": "4.7.0",
        "contentHash": "TKOHGbuqp7++lEna7+p19kTR8rKeAeoo2Faab2n2q7spV2CWPevmUkghMG6POKfSdeQhtAJoNZ33FT+01CNe3g=="
      },
      "System.ComponentModel.Composition.Registration": {
        "type": "Transitive",
        "resolved": "4.7.0",
        "contentHash": "pmQlhWc+XwD3y0ykJOKsdW+AK31uMO2kUXoobWV6bfWRpQGHBkPvdRoZ2IEv8Lt+qKboiI3K0rYt5UBg+kjxDQ==",
        "dependencies": {
          "System.ComponentModel.Composition": "4.7.0",
          "System.Reflection.Context": "4.7.0"
        }
      },
      "System.Configuration.ConfigurationManager": {
        "type": "Transitive",
        "resolved": "4.7.0",
        "contentHash": "/anOTeSZCNNI2zDilogWrZ8pNqCmYbzGNexUnNhjW8k0sHqEZ2nHJBp147jBV3hGYswu5lINpNg1vxR7bnqvVA==",
        "dependencies": {
          "System.Security.Cryptography.ProtectedData": "4.7.0",
          "System.Security.Permissions": "4.7.0"
        }
      },
      "System.Data.DataSetExtensions": {
        "type": "Transitive",
        "resolved": "4.5.0",
        "contentHash": "221clPs1445HkTBZPL+K9sDBdJRB8UN8rgjO3ztB0CQ26z//fmJXtlsr6whGatscsKGBrhJl5bwJuKSA8mwFOw=="
      },
      "System.Data.Odbc": {
        "type": "Transitive",
        "resolved": "4.7.0",
        "contentHash": "unlxM2E513eogjihvQ4cGuI+wa5QGH/C4u5Rf34A8alDArtmNwvY1FrnoHaLDdR/pOIlj+mxxpOfI1zTuQ4erA==",
        "dependencies": {
          "Microsoft.NETCore.Platforms": "3.1.0"
        }
      },
      "System.Data.OleDb": {
        "type": "Transitive",
        "resolved": "4.7.0",
        "contentHash": "GBhY7J6OGXGLb2Y0jn026X/oHjXqdDnZlGxTfuU4j8srtpHuTfv0LueHtvvk4fjsNICsBAQMBG/VGod1Kdja1Q==",
        "dependencies": {
          "Microsoft.Win32.Registry": "4.7.0",
          "System.Configuration.ConfigurationManager": "4.7.0",
          "System.Diagnostics.PerformanceCounter": "4.7.0",
          "System.Security.Principal.Windows": "4.7.0"
        }
      },
      "System.Data.SqlClient": {
        "type": "Transitive",
        "resolved": "4.8.0",
        "contentHash": "xsSRvrPbeXgD6rAqFGw1FZsMLaoDVwzgflHig8OLypDpiyb4XISChy2XOutoNsQIkBP9SJ4nSvhd8uStDU7AiA==",
        "dependencies": {
          "Microsoft.Win32.Registry": "4.7.0",
          "System.Diagnostics.DiagnosticSource": "4.7.0",
          "System.Security.Principal.Windows": "4.7.0",
          "System.Text.Encoding.CodePages": "4.7.0",
          "runtime.native.System.Data.SqlClient.sni": "4.7.0"
        }
      },
      "System.Diagnostics.DiagnosticSource": {
        "type": "Transitive",
        "resolved": "4.7.0",
        "contentHash": "oJjw3uFuVDJiJNbCD8HB4a2p3NYLdt1fiT5OGsPLw+WTOuG0KpP4OXelMmmVKpClueMsit6xOlzy4wNKQFiBLg=="
      },
      "System.Diagnostics.EventLog": {
        "type": "Transitive",
        "resolved": "4.7.0",
        "contentHash": "iDoKGQcRwX0qwY+eAEkaJGae0d/lHlxtslO+t8pJWAUxlvY3tqLtVOPnW2UU4cFjP0Y/L1QBqhkZfSyGqVMR2w==",
        "dependencies": {
          "Microsoft.NETCore.Platforms": "3.1.0",
          "Microsoft.Win32.Registry": "4.7.0",
          "System.Security.Principal.Windows": "4.7.0"
        }
      },
      "System.Diagnostics.PerformanceCounter": {
        "type": "Transitive",
        "resolved": "4.7.0",
        "contentHash": "kE9szT4i3TYT9bDE/BPfzg9/BL6enMiZlcUmnUEBrhRtxWvurKoa8qhXkLTRhrxMzBqaDleWlRfIPE02tulU+w==",
        "dependencies": {
          "Microsoft.NETCore.Platforms": "3.1.0",
          "Microsoft.Win32.Registry": "4.7.0",
          "System.Configuration.ConfigurationManager": "4.7.0",
          "System.Security.Principal.Windows": "4.7.0"
        }
      },
      "System.DirectoryServices": {
        "type": "Transitive",
        "resolved": "4.7.0",
        "contentHash": "NRENC4ulDamI4DQtrYybxtQU3qnhGSTUdEKJkLyctHXY4RqNyS/egZpB9z8/CnFCiaQZmwLlqxfBmw80VlKBTA==",
        "dependencies": {
          "Microsoft.NETCore.Platforms": "3.1.0",
          "System.IO.FileSystem.AccessControl": "4.7.0",
          "System.Security.AccessControl": "4.7.0",
          "System.Security.Permissions": "4.7.0",
          "System.Security.Principal.Windows": "4.7.0"
        }
      },
      "System.DirectoryServices.AccountManagement": {
        "type": "Transitive",
        "resolved": "4.7.0",
        "contentHash": "Gaiuk+v86GrLpR6j7yKFCqHYIdCOS6aeN9aWWNeaEEaEojCWkz3ng7e+qS4uaEMZIGTx0m9+Mw0bH78RevD67g==",
        "dependencies": {
          "Microsoft.NETCore.Platforms": "3.1.0",
          "System.Configuration.ConfigurationManager": "4.7.0",
          "System.DirectoryServices": "4.7.0",
          "System.DirectoryServices.Protocols": "4.7.0",
          "System.IO.FileSystem.AccessControl": "4.7.0",
          "System.Security.AccessControl": "4.7.0",
          "System.Security.Principal.Windows": "4.7.0"
        }
      },
      "System.DirectoryServices.Protocols": {
        "type": "Transitive",
        "resolved": "4.7.0",
        "contentHash": "yy0a+E/yksdoMWfZEmWpI5LuCbJ/E6P5d4QRbqUDj/xC4MV7Vw5DiW3KREA9LFbWedoGx90KikUfSN0xhE1j1g==",
        "dependencies": {
          "Microsoft.NETCore.Platforms": "3.1.0",
          "System.Security.Principal.Windows": "4.7.0"
        }
      },
      "System.Drawing.Common": {
        "type": "Transitive",
        "resolved": "4.7.0",
        "contentHash": "v+XbyYHaZjDfn0ENmJEV1VYLgGgCTx1gnfOBcppowbpOAriglYgGCvFCPr2EEZyBvXlpxbEsTwkOlInl107ahA==",
        "dependencies": {
          "Microsoft.NETCore.Platforms": "3.1.0",
          "Microsoft.Win32.SystemEvents": "4.7.0"
        }
      },
      "System.IO.FileSystem.AccessControl": {
        "type": "Transitive",
        "resolved": "4.7.0",
        "contentHash": "vMToiarpU81LR1/KZtnT7VDPvqAZfw9oOS5nY6pPP78nGYz3COLsQH3OfzbR+SjTgltd31R6KmKklz/zDpTmzw==",
        "dependencies": {
          "System.Security.AccessControl": "4.7.0",
          "System.Security.Principal.Windows": "4.7.0"
        }
      },
      "System.IO.Packaging": {
        "type": "Transitive",
        "resolved": "4.7.0",
        "contentHash": "9VV4KAbgRQZ79iEoG40KIeZy38O30oWwewScAST879+oki8g/Wa2HXZQgrhDDxQM4GkP1PnRJll05NMiVPbYAw=="
      },
      "System.IO.Pipes.AccessControl": {
        "type": "Transitive",
        "resolved": "4.5.1",
        "contentHash": "Z0/uF+PqmiMoqgTA0AQa9JSlNjsxCoQNfRzQGtK4dLfNQ3nsOqPVBgZ7F49U5Lb4yqGJSWJ79AdYaNjdJoZqhQ==",
        "dependencies": {
          "Microsoft.NETCore.Platforms": "2.1.0",
          "System.Security.AccessControl": "4.5.0",
          "System.Security.Principal.Windows": "4.5.0"
        }
      },
      "System.IO.Ports": {
        "type": "Transitive",
        "resolved": "4.7.0",
        "contentHash": "tNHiZcdskfRpxU7LBBlA69YYgBqWMBE/JDdmrEIDa4iw944VK1u4+B0FeSls1FUm+Pm4X/Fl0fSGqi8MDhb8/Q==",
        "dependencies": {
          "Microsoft.Win32.Registry": "4.7.0",
          "runtime.native.System.IO.Ports": "4.7.0"
        }
      },
      "System.Management": {
        "type": "Transitive",
        "resolved": "4.7.0",
        "contentHash": "IY+uuGhgzWiCg21i8IvQeY/Z7m1tX8VuPF+ludfn7iTCaccTtJo5HkjZbBEL8kbBubKhAKKtNXr7uMtmAc28Pw==",
        "dependencies": {
          "Microsoft.NETCore.Platforms": "3.1.0",
          "Microsoft.Win32.Registry": "4.7.0",
          "System.CodeDom": "4.7.0"
        }
      },
      "System.Private.ServiceModel": {
        "type": "Transitive",
        "resolved": "4.7.0",
        "contentHash": "BItrYCkoTV3VzVPsrew+uc34fmLb+3ncgspa7vbO3vkfY9JQCea4u34pHE+Bcv1Iy16MgRs3n2jKVRCDg0rPfg==",
        "dependencies": {
          "System.Reflection.DispatchProxy": "4.5.0",
          "System.Security.Cryptography.Xml": "4.5.0",
          "System.Security.Principal.Windows": "4.5.0"
        }
      },
      "System.Reflection.Context": {
        "type": "Transitive",
        "resolved": "4.7.0",
        "contentHash": "UlDTpylMT4CHFYRO1wGPyBNjKtgA2rHSIxab6kFl8YUSQGSSdnxamlFFEvH1IOoUCTYzJu8CeVqMgv3K57ev5A=="
      },
      "System.Reflection.DispatchProxy": {
        "type": "Transitive",
        "resolved": "4.5.0",
        "contentHash": "+UW1hq11TNSeb+16rIk8hRQ02o339NFyzMc4ma/FqmxBzM30l1c2IherBB4ld1MNcenS48fz8tbt50OW4rVULA=="
      },
      "System.Reflection.Emit": {
        "type": "Transitive",
        "resolved": "4.7.0",
        "contentHash": "VR4kk8XLKebQ4MZuKuIni/7oh+QGFmZW3qORd1GvBq/8026OpW501SzT/oypwiQl4TvT8ErnReh/NzY9u+C6wQ=="
      },
      "System.Reflection.Emit.ILGeneration": {
        "type": "Transitive",
        "resolved": "4.7.0",
        "contentHash": "AucBYo3DSI0IDxdUjKksBcQJXPHyoPyrCXYURW1WDsLI4M65Ar/goSHjdnHOAY9MiYDNKqDlIgaYm+zL2hA1KA=="
      },
      "System.Reflection.Emit.Lightweight": {
        "type": "Transitive",
        "resolved": "4.7.0",
        "contentHash": "a4OLB4IITxAXJeV74MDx49Oq2+PsF6Sml54XAFv+2RyWwtDBcabzoxiiJRhdhx+gaohLh4hEGCLQyBozXoQPqA=="
      },
      "System.Runtime.Caching": {
        "type": "Transitive",
        "resolved": "4.7.0",
        "contentHash": "NdvNRjTPxYvIEhXQszT9L9vJhdQoX6AQ0AlhjTU+5NqFQVuacJTfhPVAvtGWNA2OJCqRiR/okBcZgMwI6MqcZg==",
        "dependencies": {
          "System.Configuration.ConfigurationManager": "4.7.0"
        }
      },
      "System.Runtime.CompilerServices.Unsafe": {
        "type": "Transitive",
        "resolved": "4.7.0",
        "contentHash": "IpU1lcHz8/09yDr9N+Juc7SCgNUz+RohkCQI+KsWKR67XxpFr8Z6c8t1iENCXZuRuNCc4HBwme/MDHNVCwyAKg=="
      },
      "System.Security.AccessControl": {
        "type": "Transitive",
        "resolved": "4.7.0",
        "contentHash": "JECvTt5aFF3WT3gHpfofL2MNNP6v84sxtXxpqhLBCcDRzqsPBmHhQ6shv4DwwN2tRlzsUxtb3G9M3763rbXKDg==",
        "dependencies": {
          "Microsoft.NETCore.Platforms": "3.1.0",
          "System.Security.Principal.Windows": "4.7.0"
        }
      },
      "System.Security.Cryptography.Cng": {
        "type": "Transitive",
        "resolved": "4.7.0",
        "contentHash": "4WQjFuypWtxb/bl/YwEE7LYGn4fgpsikFfBU6xwEm4YBYiRAhXAEJ62lILBu2JJSFbClIAntFTGfDZafn8yZTg=="
      },
      "System.Security.Cryptography.Pkcs": {
        "type": "Transitive",
        "resolved": "4.7.0",
        "contentHash": "0Srzh6YlhjuMxaqMyeCCdZs22cucaUAG6SKDd3gNHBJmre0VZ71ekzWu9rvLD4YXPetyNdPvV6Qst+8C++9v3Q==",
        "dependencies": {
          "System.Security.Cryptography.Cng": "4.7.0"
        }
      },
      "System.Security.Cryptography.ProtectedData": {
        "type": "Transitive",
        "resolved": "4.7.0",
        "contentHash": "ehYW0m9ptxpGWvE4zgqongBVWpSDU/JCFD4K7krxkQwSz/sFQjEXCUqpvencjy6DYDbn7Ig09R8GFffu8TtneQ=="
      },
      "System.Security.Cryptography.Xml": {
        "type": "Transitive",
        "resolved": "4.7.0",
        "contentHash": "B6pAyxMvXGbZemb+ER877KSr6OKis+qAdxhhKKK36I6sgj2js8mbcEVviZEHYV8XRTWjbKsAq8Z/zoaegA30dA==",
        "dependencies": {
          "System.Security.Cryptography.Pkcs": "4.7.0",
          "System.Security.Permissions": "4.7.0"
        }
      },
      "System.Security.Permissions": {
        "type": "Transitive",
        "resolved": "4.7.0",
        "contentHash": "dkOV6YYVBnYRa15/yv004eCGRBVADXw8qRbbNiCn/XpdJSUXkkUeIvdvFHkvnko4CdKMqG8yRHC4ox83LSlMsQ==",
        "dependencies": {
          "System.Security.AccessControl": "4.7.0",
          "System.Windows.Extensions": "4.7.0"
        }
      },
      "System.Security.Principal.Windows": {
        "type": "Transitive",
        "resolved": "4.7.0",
        "contentHash": "ojD0PX0XhneCsUbAZVKdb7h/70vyYMDYs85lwEI+LngEONe/17A0cFaRFqZU+sOEidcVswYWikYOQ9PPfjlbtQ=="
      },
      "System.ServiceModel.Duplex": {
        "type": "Transitive",
        "resolved": "4.7.0",
        "contentHash": "7GBKQc2QWRxnEVQ49zMKq3z3RFKaHhhWjfMWhp+DP+dgfp0X4Szln/eL+UQumOKvv+sTU5bhOXjnJg5045liCA==",
        "dependencies": {
          "System.Private.ServiceModel": "4.7.0",
          "System.ServiceModel.Primitives": "4.7.0"
        }
      },
      "System.ServiceModel.Http": {
        "type": "Transitive",
        "resolved": "4.7.0",
        "contentHash": "+BB61ycl1cSlRbJDpABoqMa7bRE4boJfK1CfWfbNzTGeADFVmDkhylpfmC1bKloxtf95p2owj8/n7kilgRBAow==",
        "dependencies": {
          "System.Private.ServiceModel": "4.7.0",
          "System.ServiceModel.Primitives": "4.7.0"
        }
      },
      "System.ServiceModel.NetTcp": {
        "type": "Transitive",
        "resolved": "4.7.0",
        "contentHash": "snQgAc7kn4721eaus8nZ52eRu1QrdEnWGbru6I263hPWcISStntwHwSrT57Iwp1Z58b3Lz0J/hbjJhGP0yExOA==",
        "dependencies": {
          "System.Private.ServiceModel": "4.7.0",
          "System.ServiceModel.Primitives": "4.7.0"
        }
      },
      "System.ServiceModel.Primitives": {
        "type": "Transitive",
        "resolved": "4.7.0",
        "contentHash": "YUXIMO4kL1v6dUVptJGixAx/8Ai5trQzVn3gbk0mpwxh77kGAs+MyBRoHN/5ZoxtwNn4E1dq3N4rJCAgAUaiJA==",
        "dependencies": {
          "System.Private.ServiceModel": "4.7.0"
        }
      },
      "System.ServiceModel.Security": {
        "type": "Transitive",
        "resolved": "4.7.0",
        "contentHash": "LjYrQRrP1rw+s/wieB+QIv3p6/oG2ucTfVpg5iWmX8/7+nfUxcqmy9l8rsbtYE8X8BEQnSq42OhWap/Dlhlh9Q==",
        "dependencies": {
          "System.Private.ServiceModel": "4.7.0",
          "System.ServiceModel.Primitives": "4.7.0"
        }
      },
      "System.ServiceModel.Syndication": {
        "type": "Transitive",
        "resolved": "4.7.0",
        "contentHash": "uqGE0hFhoE6w7SxBchhR+ebdf4krpnZe3FPdo7skxJZHOqwcGk+cDZ74Yfp3yFD2yl3emHBGAZb6SBsQWEaSkg=="
      },
      "System.ServiceProcess.ServiceController": {
        "type": "Transitive",
        "resolved": "4.7.0",
        "contentHash": "FuYfwENKZqWxGtYU5Vay2ai2dPWLKzRgI+WZkjceN3jaTK9ZVYnV1GRMTtN3Qodm9RT0gOiN8WoHGNXzTaZ+fw==",
        "dependencies": {
          "System.Diagnostics.EventLog": "4.7.0"
        }
      },
      "System.Text.Encoding.CodePages": {
        "type": "Transitive",
        "resolved": "4.7.0",
        "contentHash": "aeu4FlaUTemuT1qOd1MyU4T516QR4Fy+9yDbwWMPHOHy7U8FD6SgTzdZFO7gHcfAPHtECqInbwklVvUK4RHcNg==",
        "dependencies": {
          "Microsoft.NETCore.Platforms": "3.1.0",
          "System.Runtime.CompilerServices.Unsafe": "4.7.0"
        }
      },
      "System.Threading.AccessControl": {
        "type": "Transitive",
        "resolved": "4.7.0",
        "contentHash": "/fmzEf1UYrdCzfOIHVJ2cx3v9DHLLLMkUrodpzJGW17N+K+SSmBD8OA/BGmtfN1Ae0Ex3rBjQVufnIi5zKefuQ==",
        "dependencies": {
          "System.Security.AccessControl": "4.7.0",
          "System.Security.Principal.Windows": "4.7.0"
        }
      },
      "System.Windows.Extensions": {
        "type": "Transitive",
        "resolved": "4.7.0",
        "contentHash": "CeWTdRNfRaSh0pm2gDTJFwVaXfTq6Xwv/sA887iwPTneW7oMtMlpvDIO+U60+3GWTB7Aom6oQwv5VZVUhQRdPQ==",
        "dependencies": {
          "System.Drawing.Common": "4.7.0"
        }
      }
    },
    ".NETCoreApp,Version=v3.1": {
      "GitVersionTask": {
        "type": "Direct",
        "requested": "[5.3.4, )",
        "resolved": "5.3.4",
        "contentHash": "/vnugR/H90r4bo3ikF+W6zwpHXXGM6bXeYMZLm6kXCMpFYIviIU7rVz1s18zJRxvru/vvXkUnY5uSE/ATxFadA=="
      },
      "Microsoft.SourceLink.GitHub": {
        "type": "Direct",
        "requested": "[1.0.0, )",
        "resolved": "1.0.0",
        "contentHash": "aZyGyGg2nFSxix+xMkPmlmZSsnGQ3w+mIG23LTxJZHN+GPwTQ5FpPgDo7RMOq+Kcf5D4hFWfXkGhoGstawX13Q==",
        "dependencies": {
          "Microsoft.Build.Tasks.Git": "1.0.0",
          "Microsoft.SourceLink.Common": "1.0.0"
        }
      },
      "Microsoft.Windows.Compatibility": {
        "type": "Direct",
        "requested": "[3.1.0, )",
        "resolved": "3.1.0",
        "contentHash": "8rPxICe6kb6Ubi/MDvVfwJfv20iZ1dqb9ipT9Fm+3qdwLPtWN/6hmEjC7s38AagZoIEWxfxL8sVqTw+BgXjOAg==",
        "dependencies": {
          "Microsoft.Win32.Registry": "4.7.0",
          "Microsoft.Win32.Registry.AccessControl": "4.7.0",
          "Microsoft.Win32.SystemEvents": "4.7.0",
          "System.CodeDom": "4.7.0",
          "System.ComponentModel.Composition": "4.7.0",
          "System.ComponentModel.Composition.Registration": "4.7.0",
          "System.Configuration.ConfigurationManager": "4.7.0",
          "System.Data.DataSetExtensions": "4.5.0",
          "System.Data.Odbc": "4.7.0",
          "System.Data.OleDb": "4.7.0",
          "System.Data.SqlClient": "4.8.0",
          "System.Diagnostics.EventLog": "4.7.0",
          "System.Diagnostics.PerformanceCounter": "4.7.0",
          "System.DirectoryServices": "4.7.0",
          "System.DirectoryServices.AccountManagement": "4.7.0",
          "System.DirectoryServices.Protocols": "4.7.0",
          "System.Drawing.Common": "4.7.0",
          "System.IO.FileSystem.AccessControl": "4.7.0",
          "System.IO.Packaging": "4.7.0",
          "System.IO.Pipes.AccessControl": "4.5.1",
          "System.IO.Ports": "4.7.0",
          "System.Management": "4.7.0",
          "System.Reflection.Context": "4.7.0",
          "System.Reflection.Emit": "4.7.0",
          "System.Reflection.Emit.ILGeneration": "4.7.0",
          "System.Reflection.Emit.Lightweight": "4.7.0",
          "System.Runtime.Caching": "4.7.0",
          "System.Security.AccessControl": "4.7.0",
          "System.Security.Cryptography.Cng": "4.7.0",
          "System.Security.Cryptography.Pkcs": "4.7.0",
          "System.Security.Cryptography.ProtectedData": "4.7.0",
          "System.Security.Cryptography.Xml": "4.7.0",
          "System.Security.Permissions": "4.7.0",
          "System.Security.Principal.Windows": "4.7.0",
          "System.ServiceModel.Duplex": "4.7.0",
          "System.ServiceModel.Http": "4.7.0",
          "System.ServiceModel.NetTcp": "4.7.0",
          "System.ServiceModel.Primitives": "4.7.0",
          "System.ServiceModel.Security": "4.7.0",
          "System.ServiceModel.Syndication": "4.7.0",
          "System.ServiceProcess.ServiceController": "4.7.0",
          "System.Text.Encoding.CodePages": "4.7.0",
          "System.Threading.AccessControl": "4.7.0"
        }
      },
      "XAMLMarkupExtensions": {
        "type": "Direct",
        "requested": "[1.9.0, )",
        "resolved": "1.9.0",
        "contentHash": "IoyFAFeKxbZ4lZLN9Z1U25VzJ2u87iPvE6OLEgRxDF7FZcbVekQbQ4wfRyPz1o0DCmxfvUUAsIWHO1UtU2NnDw==",
        "dependencies": {
          "Microsoft.Windows.Compatibility": "3.1.0"
        }
      },
      "Microsoft.Build.Tasks.Git": {
        "type": "Transitive",
        "resolved": "1.0.0",
        "contentHash": "z2fpmmt+1Jfl+ZnBki9nSP08S1/tbEOxFdsK1rSR+LBehIJz1Xv9/6qOOoGNqlwnAGGVGis1Oj6S8Kt9COEYlQ=="
      },
      "Microsoft.NETCore.Platforms": {
        "type": "Transitive",
        "resolved": "3.1.0",
        "contentHash": "z7aeg8oHln2CuNulfhiLYxCVMPEwBl3rzicjvIX+4sUuCwvXw5oXQEtbiU2c0z4qYL5L3Kmx0mMA/+t/SbY67w=="
      },
      "Microsoft.SourceLink.Common": {
        "type": "Transitive",
        "resolved": "1.0.0",
        "contentHash": "G8DuQY8/DK5NN+3jm5wcMcd9QYD90UV7MiLmdljSJixi3U/vNaeBKmmXUqI4DJCOeWizIUEh4ALhSt58mR+5eg=="
      },
      "Microsoft.Win32.Registry": {
        "type": "Transitive",
        "resolved": "4.7.0",
        "contentHash": "KSrRMb5vNi0CWSGG1++id2ZOs/1QhRqROt+qgbEAdQuGjGrFcl4AOl4/exGPUYz2wUnU42nvJqon1T3U0kPXLA==",
        "dependencies": {
          "System.Security.AccessControl": "4.7.0",
          "System.Security.Principal.Windows": "4.7.0"
        }
      },
      "Microsoft.Win32.Registry.AccessControl": {
        "type": "Transitive",
        "resolved": "4.7.0",
        "contentHash": "6ZBpiCrPHoRxm0GWrlUfSKx5i4987cRs2hi8KVHD+iI72pm0jScyr5QvqdLeyTgf22R4WgdmBo2k64wtVotPRA==",
        "dependencies": {
          "Microsoft.Win32.Registry": "4.7.0",
          "System.Security.AccessControl": "4.7.0"
        }
      },
      "Microsoft.Win32.SystemEvents": {
        "type": "Transitive",
        "resolved": "4.7.0",
        "contentHash": "mtVirZr++rq+XCDITMUdnETD59XoeMxSpLRIII7JRI6Yj0LEDiO1pPn0ktlnIj12Ix8bfvQqQDMMIF9wC98oCA==",
        "dependencies": {
          "Microsoft.NETCore.Platforms": "3.1.0"
        }
      },
      "runtime.linux-arm.runtime.native.System.IO.Ports": {
        "type": "Transitive",
        "resolved": "4.7.0",
        "contentHash": "pCaX07mRrO11GfUb+whjn2AJgCofx26slw0sI3XC9v0pEZO8101iK6q4ymZOiI2M4a9sQxLr2LawAEDvF4RNXg=="
      },
      "runtime.linux-arm64.runtime.native.System.IO.Ports": {
        "type": "Transitive",
        "resolved": "4.7.0",
        "contentHash": "/J6A4bexUUJciGUwrhtzrFW4tIHqoJYlCsz5RudRmqUaqvuG2tjrbn6bEopOFs7CU4gZqAKWcU9pkp180c3DkQ=="
      },
      "runtime.linux-x64.runtime.native.System.IO.Ports": {
        "type": "Transitive",
        "resolved": "4.7.0",
        "contentHash": "aaaiH4ttfkLizo0OKf++5kPN0yxKbgzcyAD3w52Y3YP96aB/M79fm0r06SedXJGv86Iou6ipj3wUQBMFaL8LnQ=="
      },
      "runtime.native.System.Data.SqlClient.sni": {
        "type": "Transitive",
        "resolved": "4.7.0",
        "contentHash": "9kyFSIdN3T0qjDQ2R0HRXYIhS3l5psBzQi6qqhdLz+SzFyEy4sVxNOke+yyYv8Cu8rPER12c3RDjLT8wF3WBYQ==",
        "dependencies": {
          "runtime.win-arm64.runtime.native.System.Data.SqlClient.sni": "4.4.0",
          "runtime.win-x64.runtime.native.System.Data.SqlClient.sni": "4.4.0",
          "runtime.win-x86.runtime.native.System.Data.SqlClient.sni": "4.4.0"
        }
      },
      "runtime.native.System.IO.Ports": {
        "type": "Transitive",
        "resolved": "4.7.0",
        "contentHash": "yidiZEGEIOyGnRkZvoV6XbeqzEBg9L47PyZNBymLIsu9HHseF98wiOxR6RnHmMqQMTBlc/EONfw4NT3pw0S6YQ==",
        "dependencies": {
          "runtime.linux-arm.runtime.native.System.IO.Ports": "4.7.0",
          "runtime.linux-arm64.runtime.native.System.IO.Ports": "4.7.0",
          "runtime.linux-x64.runtime.native.System.IO.Ports": "4.7.0",
          "runtime.osx-x64.runtime.native.System.IO.Ports": "4.7.0"
        }
      },
      "runtime.osx-x64.runtime.native.System.IO.Ports": {
        "type": "Transitive",
        "resolved": "4.7.0",
        "contentHash": "c1h87v6gopjfeAu3WhVGguUhzCdpZFqX8oXrevO1ciuH4g/mFrxnzlo5POlp+TtZdQ1i8yu0ZzBMKbmX2bJJ0g=="
      },
      "runtime.win-arm64.runtime.native.System.Data.SqlClient.sni": {
        "type": "Transitive",
        "resolved": "4.4.0",
        "contentHash": "LbrynESTp3bm5O/+jGL8v0Qg5SJlTV08lpIpFesXjF6uGNMWqFnUQbYBJwZTeua6E/Y7FIM1C54Ey1btLWupdg=="
      },
      "runtime.win-x64.runtime.native.System.Data.SqlClient.sni": {
        "type": "Transitive",
        "resolved": "4.4.0",
        "contentHash": "38ugOfkYJqJoX9g6EYRlZB5U2ZJH51UP8ptxZgdpS07FgOEToV+lS11ouNK2PM12Pr6X/PpT5jK82G3DwH/SxQ=="
      },
      "runtime.win-x86.runtime.native.System.Data.SqlClient.sni": {
        "type": "Transitive",
        "resolved": "4.4.0",
        "contentHash": "YhEdSQUsTx+C8m8Bw7ar5/VesXvCFMItyZF7G1AUY+OM0VPZUOeAVpJ4Wl6fydBGUYZxojTDR3I6Bj/+BPkJNA=="
      },
      "System.CodeDom": {
        "type": "Transitive",
        "resolved": "4.7.0",
        "contentHash": "Hs9pw/kmvH3lXaZ1LFKj3pLQsiGfj2xo3sxSzwiLlRL6UcMZUTeCfoJ9Udalvn3yq5dLlPEZzYegrTQ1/LhPOQ=="
      },
      "System.ComponentModel.Composition": {
        "type": "Transitive",
        "resolved": "4.7.0",
        "contentHash": "TKOHGbuqp7++lEna7+p19kTR8rKeAeoo2Faab2n2q7spV2CWPevmUkghMG6POKfSdeQhtAJoNZ33FT+01CNe3g=="
      },
      "System.ComponentModel.Composition.Registration": {
        "type": "Transitive",
        "resolved": "4.7.0",
        "contentHash": "pmQlhWc+XwD3y0ykJOKsdW+AK31uMO2kUXoobWV6bfWRpQGHBkPvdRoZ2IEv8Lt+qKboiI3K0rYt5UBg+kjxDQ==",
        "dependencies": {
          "System.ComponentModel.Composition": "4.7.0",
          "System.Reflection.Context": "4.7.0"
        }
      },
      "System.Configuration.ConfigurationManager": {
        "type": "Transitive",
        "resolved": "4.7.0",
        "contentHash": "/anOTeSZCNNI2zDilogWrZ8pNqCmYbzGNexUnNhjW8k0sHqEZ2nHJBp147jBV3hGYswu5lINpNg1vxR7bnqvVA==",
        "dependencies": {
          "System.Security.Cryptography.ProtectedData": "4.7.0",
          "System.Security.Permissions": "4.7.0"
        }
      },
      "System.Data.DataSetExtensions": {
        "type": "Transitive",
        "resolved": "4.5.0",
        "contentHash": "221clPs1445HkTBZPL+K9sDBdJRB8UN8rgjO3ztB0CQ26z//fmJXtlsr6whGatscsKGBrhJl5bwJuKSA8mwFOw=="
      },
      "System.Data.Odbc": {
        "type": "Transitive",
        "resolved": "4.7.0",
        "contentHash": "unlxM2E513eogjihvQ4cGuI+wa5QGH/C4u5Rf34A8alDArtmNwvY1FrnoHaLDdR/pOIlj+mxxpOfI1zTuQ4erA==",
        "dependencies": {
          "Microsoft.NETCore.Platforms": "3.1.0"
        }
      },
      "System.Data.OleDb": {
        "type": "Transitive",
        "resolved": "4.7.0",
        "contentHash": "GBhY7J6OGXGLb2Y0jn026X/oHjXqdDnZlGxTfuU4j8srtpHuTfv0LueHtvvk4fjsNICsBAQMBG/VGod1Kdja1Q==",
        "dependencies": {
          "Microsoft.Win32.Registry": "4.7.0",
          "System.Configuration.ConfigurationManager": "4.7.0",
          "System.Diagnostics.PerformanceCounter": "4.7.0",
          "System.Security.Principal.Windows": "4.7.0"
        }
      },
      "System.Data.SqlClient": {
        "type": "Transitive",
        "resolved": "4.8.0",
        "contentHash": "xsSRvrPbeXgD6rAqFGw1FZsMLaoDVwzgflHig8OLypDpiyb4XISChy2XOutoNsQIkBP9SJ4nSvhd8uStDU7AiA==",
        "dependencies": {
          "Microsoft.Win32.Registry": "4.7.0",
          "System.Security.Principal.Windows": "4.7.0",
          "runtime.native.System.Data.SqlClient.sni": "4.7.0"
        }
      },
      "System.Diagnostics.EventLog": {
        "type": "Transitive",
        "resolved": "4.7.0",
        "contentHash": "iDoKGQcRwX0qwY+eAEkaJGae0d/lHlxtslO+t8pJWAUxlvY3tqLtVOPnW2UU4cFjP0Y/L1QBqhkZfSyGqVMR2w==",
        "dependencies": {
          "Microsoft.NETCore.Platforms": "3.1.0",
          "Microsoft.Win32.Registry": "4.7.0",
          "System.Security.Principal.Windows": "4.7.0"
        }
      },
      "System.Diagnostics.PerformanceCounter": {
        "type": "Transitive",
        "resolved": "4.7.0",
        "contentHash": "kE9szT4i3TYT9bDE/BPfzg9/BL6enMiZlcUmnUEBrhRtxWvurKoa8qhXkLTRhrxMzBqaDleWlRfIPE02tulU+w==",
        "dependencies": {
          "Microsoft.NETCore.Platforms": "3.1.0",
          "Microsoft.Win32.Registry": "4.7.0",
          "System.Configuration.ConfigurationManager": "4.7.0",
          "System.Security.Principal.Windows": "4.7.0"
        }
      },
      "System.DirectoryServices": {
        "type": "Transitive",
        "resolved": "4.7.0",
        "contentHash": "NRENC4ulDamI4DQtrYybxtQU3qnhGSTUdEKJkLyctHXY4RqNyS/egZpB9z8/CnFCiaQZmwLlqxfBmw80VlKBTA==",
        "dependencies": {
          "Microsoft.NETCore.Platforms": "3.1.0",
          "System.IO.FileSystem.AccessControl": "4.7.0",
          "System.Security.AccessControl": "4.7.0",
          "System.Security.Permissions": "4.7.0",
          "System.Security.Principal.Windows": "4.7.0"
        }
      },
      "System.DirectoryServices.AccountManagement": {
        "type": "Transitive",
        "resolved": "4.7.0",
        "contentHash": "Gaiuk+v86GrLpR6j7yKFCqHYIdCOS6aeN9aWWNeaEEaEojCWkz3ng7e+qS4uaEMZIGTx0m9+Mw0bH78RevD67g==",
        "dependencies": {
          "Microsoft.NETCore.Platforms": "3.1.0",
          "System.Configuration.ConfigurationManager": "4.7.0",
          "System.DirectoryServices": "4.7.0",
          "System.DirectoryServices.Protocols": "4.7.0",
          "System.IO.FileSystem.AccessControl": "4.7.0",
          "System.Security.AccessControl": "4.7.0",
          "System.Security.Principal.Windows": "4.7.0"
        }
      },
      "System.DirectoryServices.Protocols": {
        "type": "Transitive",
        "resolved": "4.7.0",
        "contentHash": "yy0a+E/yksdoMWfZEmWpI5LuCbJ/E6P5d4QRbqUDj/xC4MV7Vw5DiW3KREA9LFbWedoGx90KikUfSN0xhE1j1g==",
        "dependencies": {
          "Microsoft.NETCore.Platforms": "3.1.0",
          "System.Security.Principal.Windows": "4.7.0"
        }
      },
      "System.Drawing.Common": {
        "type": "Transitive",
        "resolved": "4.7.0",
        "contentHash": "v+XbyYHaZjDfn0ENmJEV1VYLgGgCTx1gnfOBcppowbpOAriglYgGCvFCPr2EEZyBvXlpxbEsTwkOlInl107ahA==",
        "dependencies": {
          "Microsoft.NETCore.Platforms": "3.1.0",
          "Microsoft.Win32.SystemEvents": "4.7.0"
        }
      },
      "System.IO.FileSystem.AccessControl": {
        "type": "Transitive",
        "resolved": "4.7.0",
        "contentHash": "vMToiarpU81LR1/KZtnT7VDPvqAZfw9oOS5nY6pPP78nGYz3COLsQH3OfzbR+SjTgltd31R6KmKklz/zDpTmzw==",
        "dependencies": {
          "System.Security.AccessControl": "4.7.0",
          "System.Security.Principal.Windows": "4.7.0"
        }
      },
      "System.IO.Packaging": {
        "type": "Transitive",
        "resolved": "4.7.0",
        "contentHash": "9VV4KAbgRQZ79iEoG40KIeZy38O30oWwewScAST879+oki8g/Wa2HXZQgrhDDxQM4GkP1PnRJll05NMiVPbYAw=="
      },
      "System.IO.Pipes.AccessControl": {
        "type": "Transitive",
        "resolved": "4.5.1",
        "contentHash": "Z0/uF+PqmiMoqgTA0AQa9JSlNjsxCoQNfRzQGtK4dLfNQ3nsOqPVBgZ7F49U5Lb4yqGJSWJ79AdYaNjdJoZqhQ==",
        "dependencies": {
          "Microsoft.NETCore.Platforms": "2.1.0",
          "System.Security.AccessControl": "4.5.0",
          "System.Security.Principal.Windows": "4.5.0"
        }
      },
      "System.IO.Ports": {
        "type": "Transitive",
        "resolved": "4.7.0",
        "contentHash": "tNHiZcdskfRpxU7LBBlA69YYgBqWMBE/JDdmrEIDa4iw944VK1u4+B0FeSls1FUm+Pm4X/Fl0fSGqi8MDhb8/Q==",
        "dependencies": {
          "Microsoft.Win32.Registry": "4.7.0",
          "runtime.native.System.IO.Ports": "4.7.0"
        }
      },
      "System.Management": {
        "type": "Transitive",
        "resolved": "4.7.0",
        "contentHash": "IY+uuGhgzWiCg21i8IvQeY/Z7m1tX8VuPF+ludfn7iTCaccTtJo5HkjZbBEL8kbBubKhAKKtNXr7uMtmAc28Pw==",
        "dependencies": {
          "Microsoft.NETCore.Platforms": "3.1.0",
          "Microsoft.Win32.Registry": "4.7.0",
          "System.CodeDom": "4.7.0"
        }
      },
      "System.Private.ServiceModel": {
        "type": "Transitive",
        "resolved": "4.7.0",
        "contentHash": "BItrYCkoTV3VzVPsrew+uc34fmLb+3ncgspa7vbO3vkfY9JQCea4u34pHE+Bcv1Iy16MgRs3n2jKVRCDg0rPfg==",
        "dependencies": {
          "System.Reflection.DispatchProxy": "4.5.0",
          "System.Security.Cryptography.Xml": "4.5.0",
          "System.Security.Principal.Windows": "4.5.0"
        }
      },
      "System.Reflection.Context": {
        "type": "Transitive",
        "resolved": "4.7.0",
        "contentHash": "UlDTpylMT4CHFYRO1wGPyBNjKtgA2rHSIxab6kFl8YUSQGSSdnxamlFFEvH1IOoUCTYzJu8CeVqMgv3K57ev5A=="
      },
      "System.Reflection.DispatchProxy": {
        "type": "Transitive",
        "resolved": "4.5.0",
        "contentHash": "+UW1hq11TNSeb+16rIk8hRQ02o339NFyzMc4ma/FqmxBzM30l1c2IherBB4ld1MNcenS48fz8tbt50OW4rVULA=="
      },
      "System.Reflection.Emit": {
        "type": "Transitive",
        "resolved": "4.7.0",
        "contentHash": "VR4kk8XLKebQ4MZuKuIni/7oh+QGFmZW3qORd1GvBq/8026OpW501SzT/oypwiQl4TvT8ErnReh/NzY9u+C6wQ=="
      },
      "System.Reflection.Emit.ILGeneration": {
        "type": "Transitive",
        "resolved": "4.7.0",
        "contentHash": "AucBYo3DSI0IDxdUjKksBcQJXPHyoPyrCXYURW1WDsLI4M65Ar/goSHjdnHOAY9MiYDNKqDlIgaYm+zL2hA1KA=="
      },
      "System.Reflection.Emit.Lightweight": {
        "type": "Transitive",
        "resolved": "4.7.0",
        "contentHash": "a4OLB4IITxAXJeV74MDx49Oq2+PsF6Sml54XAFv+2RyWwtDBcabzoxiiJRhdhx+gaohLh4hEGCLQyBozXoQPqA=="
      },
      "System.Runtime.Caching": {
        "type": "Transitive",
        "resolved": "4.7.0",
        "contentHash": "NdvNRjTPxYvIEhXQszT9L9vJhdQoX6AQ0AlhjTU+5NqFQVuacJTfhPVAvtGWNA2OJCqRiR/okBcZgMwI6MqcZg==",
        "dependencies": {
          "System.Configuration.ConfigurationManager": "4.7.0"
        }
      },
      "System.Security.AccessControl": {
        "type": "Transitive",
        "resolved": "4.7.0",
        "contentHash": "JECvTt5aFF3WT3gHpfofL2MNNP6v84sxtXxpqhLBCcDRzqsPBmHhQ6shv4DwwN2tRlzsUxtb3G9M3763rbXKDg==",
        "dependencies": {
          "Microsoft.NETCore.Platforms": "3.1.0",
          "System.Security.Principal.Windows": "4.7.0"
        }
      },
      "System.Security.Cryptography.Cng": {
        "type": "Transitive",
        "resolved": "4.7.0",
        "contentHash": "4WQjFuypWtxb/bl/YwEE7LYGn4fgpsikFfBU6xwEm4YBYiRAhXAEJ62lILBu2JJSFbClIAntFTGfDZafn8yZTg=="
      },
      "System.Security.Cryptography.Pkcs": {
        "type": "Transitive",
        "resolved": "4.7.0",
        "contentHash": "0Srzh6YlhjuMxaqMyeCCdZs22cucaUAG6SKDd3gNHBJmre0VZ71ekzWu9rvLD4YXPetyNdPvV6Qst+8C++9v3Q==",
        "dependencies": {
          "System.Security.Cryptography.Cng": "4.7.0"
        }
      },
      "System.Security.Cryptography.ProtectedData": {
        "type": "Transitive",
        "resolved": "4.7.0",
        "contentHash": "ehYW0m9ptxpGWvE4zgqongBVWpSDU/JCFD4K7krxkQwSz/sFQjEXCUqpvencjy6DYDbn7Ig09R8GFffu8TtneQ=="
      },
      "System.Security.Cryptography.Xml": {
        "type": "Transitive",
        "resolved": "4.7.0",
        "contentHash": "B6pAyxMvXGbZemb+ER877KSr6OKis+qAdxhhKKK36I6sgj2js8mbcEVviZEHYV8XRTWjbKsAq8Z/zoaegA30dA==",
        "dependencies": {
          "System.Security.Cryptography.Pkcs": "4.7.0",
          "System.Security.Permissions": "4.7.0"
        }
      },
      "System.Security.Permissions": {
        "type": "Transitive",
        "resolved": "4.7.0",
        "contentHash": "dkOV6YYVBnYRa15/yv004eCGRBVADXw8qRbbNiCn/XpdJSUXkkUeIvdvFHkvnko4CdKMqG8yRHC4ox83LSlMsQ==",
        "dependencies": {
          "System.Security.AccessControl": "4.7.0",
          "System.Windows.Extensions": "4.7.0"
        }
      },
      "System.Security.Principal.Windows": {
        "type": "Transitive",
        "resolved": "4.7.0",
        "contentHash": "ojD0PX0XhneCsUbAZVKdb7h/70vyYMDYs85lwEI+LngEONe/17A0cFaRFqZU+sOEidcVswYWikYOQ9PPfjlbtQ=="
      },
      "System.ServiceModel.Duplex": {
        "type": "Transitive",
        "resolved": "4.7.0",
        "contentHash": "7GBKQc2QWRxnEVQ49zMKq3z3RFKaHhhWjfMWhp+DP+dgfp0X4Szln/eL+UQumOKvv+sTU5bhOXjnJg5045liCA==",
        "dependencies": {
          "System.Private.ServiceModel": "4.7.0",
          "System.ServiceModel.Primitives": "4.7.0"
        }
      },
      "System.ServiceModel.Http": {
        "type": "Transitive",
        "resolved": "4.7.0",
        "contentHash": "+BB61ycl1cSlRbJDpABoqMa7bRE4boJfK1CfWfbNzTGeADFVmDkhylpfmC1bKloxtf95p2owj8/n7kilgRBAow==",
        "dependencies": {
          "System.Private.ServiceModel": "4.7.0",
          "System.ServiceModel.Primitives": "4.7.0"
        }
      },
      "System.ServiceModel.NetTcp": {
        "type": "Transitive",
        "resolved": "4.7.0",
        "contentHash": "snQgAc7kn4721eaus8nZ52eRu1QrdEnWGbru6I263hPWcISStntwHwSrT57Iwp1Z58b3Lz0J/hbjJhGP0yExOA==",
        "dependencies": {
          "System.Private.ServiceModel": "4.7.0",
          "System.ServiceModel.Primitives": "4.7.0"
        }
      },
      "System.ServiceModel.Primitives": {
        "type": "Transitive",
        "resolved": "4.7.0",
        "contentHash": "YUXIMO4kL1v6dUVptJGixAx/8Ai5trQzVn3gbk0mpwxh77kGAs+MyBRoHN/5ZoxtwNn4E1dq3N4rJCAgAUaiJA==",
        "dependencies": {
          "System.Private.ServiceModel": "4.7.0"
        }
      },
      "System.ServiceModel.Security": {
        "type": "Transitive",
        "resolved": "4.7.0",
        "contentHash": "LjYrQRrP1rw+s/wieB+QIv3p6/oG2ucTfVpg5iWmX8/7+nfUxcqmy9l8rsbtYE8X8BEQnSq42OhWap/Dlhlh9Q==",
        "dependencies": {
          "System.Private.ServiceModel": "4.7.0",
          "System.ServiceModel.Primitives": "4.7.0"
        }
      },
      "System.ServiceModel.Syndication": {
        "type": "Transitive",
        "resolved": "4.7.0",
        "contentHash": "uqGE0hFhoE6w7SxBchhR+ebdf4krpnZe3FPdo7skxJZHOqwcGk+cDZ74Yfp3yFD2yl3emHBGAZb6SBsQWEaSkg=="
      },
      "System.ServiceProcess.ServiceController": {
        "type": "Transitive",
        "resolved": "4.7.0",
        "contentHash": "FuYfwENKZqWxGtYU5Vay2ai2dPWLKzRgI+WZkjceN3jaTK9ZVYnV1GRMTtN3Qodm9RT0gOiN8WoHGNXzTaZ+fw==",
        "dependencies": {
          "System.Diagnostics.EventLog": "4.7.0"
        }
      },
      "System.Text.Encoding.CodePages": {
        "type": "Transitive",
        "resolved": "4.7.0",
        "contentHash": "aeu4FlaUTemuT1qOd1MyU4T516QR4Fy+9yDbwWMPHOHy7U8FD6SgTzdZFO7gHcfAPHtECqInbwklVvUK4RHcNg==",
        "dependencies": {
          "Microsoft.NETCore.Platforms": "3.1.0"
        }
      },
      "System.Threading.AccessControl": {
        "type": "Transitive",
        "resolved": "4.7.0",
        "contentHash": "/fmzEf1UYrdCzfOIHVJ2cx3v9DHLLLMkUrodpzJGW17N+K+SSmBD8OA/BGmtfN1Ae0Ex3rBjQVufnIi5zKefuQ==",
        "dependencies": {
          "System.Security.AccessControl": "4.7.0",
          "System.Security.Principal.Windows": "4.7.0"
        }
      },
      "System.Windows.Extensions": {
        "type": "Transitive",
        "resolved": "4.7.0",
        "contentHash": "CeWTdRNfRaSh0pm2gDTJFwVaXfTq6Xwv/sA887iwPTneW7oMtMlpvDIO+U60+3GWTB7Aom6oQwv5VZVUhQRdPQ==",
        "dependencies": {
          "System.Drawing.Common": "4.7.0"
        }
      }
    },
    ".NETFramework,Version=v4.0": {
      "GitVersionTask": {
        "type": "Direct",
        "requested": "[5.3.4, )",
        "resolved": "5.3.4",
        "contentHash": "/vnugR/H90r4bo3ikF+W6zwpHXXGM6bXeYMZLm6kXCMpFYIviIU7rVz1s18zJRxvru/vvXkUnY5uSE/ATxFadA=="
      },
      "Microsoft.SourceLink.GitHub": {
        "type": "Direct",
        "requested": "[1.0.0, )",
        "resolved": "1.0.0",
        "contentHash": "aZyGyGg2nFSxix+xMkPmlmZSsnGQ3w+mIG23LTxJZHN+GPwTQ5FpPgDo7RMOq+Kcf5D4hFWfXkGhoGstawX13Q==",
        "dependencies": {
          "Microsoft.Build.Tasks.Git": "1.0.0",
          "Microsoft.SourceLink.Common": "1.0.0"
        }
      },
      "XAMLMarkupExtensions": {
        "type": "Direct",
        "requested": "[1.9.0, )",
        "resolved": "1.9.0",
        "contentHash": "IoyFAFeKxbZ4lZLN9Z1U25VzJ2u87iPvE6OLEgRxDF7FZcbVekQbQ4wfRyPz1o0DCmxfvUUAsIWHO1UtU2NnDw=="
      },
      "Microsoft.Build.Tasks.Git": {
        "type": "Transitive",
        "resolved": "1.0.0",
        "contentHash": "z2fpmmt+1Jfl+ZnBki9nSP08S1/tbEOxFdsK1rSR+LBehIJz1Xv9/6qOOoGNqlwnAGGVGis1Oj6S8Kt9COEYlQ=="
      },
      "Microsoft.SourceLink.Common": {
        "type": "Transitive",
        "resolved": "1.0.0",
        "contentHash": "G8DuQY8/DK5NN+3jm5wcMcd9QYD90UV7MiLmdljSJixi3U/vNaeBKmmXUqI4DJCOeWizIUEh4ALhSt58mR+5eg=="
      }
    },
    ".NETFramework,Version=v4.5.2": {
      "GitVersionTask": {
        "type": "Direct",
        "requested": "[5.3.4, )",
        "resolved": "5.3.4",
        "contentHash": "/vnugR/H90r4bo3ikF+W6zwpHXXGM6bXeYMZLm6kXCMpFYIviIU7rVz1s18zJRxvru/vvXkUnY5uSE/ATxFadA=="
      },
      "Microsoft.SourceLink.GitHub": {
        "type": "Direct",
        "requested": "[1.0.0, )",
        "resolved": "1.0.0",
        "contentHash": "aZyGyGg2nFSxix+xMkPmlmZSsnGQ3w+mIG23LTxJZHN+GPwTQ5FpPgDo7RMOq+Kcf5D4hFWfXkGhoGstawX13Q==",
        "dependencies": {
          "Microsoft.Build.Tasks.Git": "1.0.0",
          "Microsoft.SourceLink.Common": "1.0.0"
        }
      },
      "XAMLMarkupExtensions": {
        "type": "Direct",
        "requested": "[1.9.0, )",
        "resolved": "1.9.0",
        "contentHash": "IoyFAFeKxbZ4lZLN9Z1U25VzJ2u87iPvE6OLEgRxDF7FZcbVekQbQ4wfRyPz1o0DCmxfvUUAsIWHO1UtU2NnDw=="
      },
      "Microsoft.Build.Tasks.Git": {
        "type": "Transitive",
        "resolved": "1.0.0",
        "contentHash": "z2fpmmt+1Jfl+ZnBki9nSP08S1/tbEOxFdsK1rSR+LBehIJz1Xv9/6qOOoGNqlwnAGGVGis1Oj6S8Kt9COEYlQ=="
      },
      "Microsoft.SourceLink.Common": {
        "type": "Transitive",
        "resolved": "1.0.0",
        "contentHash": "G8DuQY8/DK5NN+3jm5wcMcd9QYD90UV7MiLmdljSJixi3U/vNaeBKmmXUqI4DJCOeWizIUEh4ALhSt58mR+5eg=="
      }
    }
  }
}